// !$*UTF8*$!
{
	archiveVersion = 1;
	classes = {
	};
	objectVersion = 77;
	objects = {

/* Begin PBXContainerItemProxy section */
		9143E3632D88E1F9000063E9 /* PBXContainerItemProxy */ = {
			isa = PBXContainerItemProxy;
			containerPortal = 9143E3482D88E1F7000063E9 /* Project object */;
			proxyType = 1;
			remoteGlobalIDString = 9143E34F2D88E1F7000063E9;
			remoteInfo = swiftSnake;
		};
		9143E36D2D88E1F9000063E9 /* PBXContainerItemProxy */ = {
			isa = PBXContainerItemProxy;
			containerPortal = 9143E3482D88E1F7000063E9 /* Project object */;
			proxyType = 1;
			remoteGlobalIDString = 9143E34F2D88E1F7000063E9;
			remoteInfo = swiftSnake;
		};
/* End PBXContainerItemProxy section */

/* Begin PBXFileReference section */
		9143E3502D88E1F7000063E9 /* swiftSnake.app */ = {isa = PBXFileReference; explicitFileType = wrapper.application; includeInIndex = 0; path = swiftSnake.app; sourceTree = BUILT_PRODUCTS_DIR; };
		9143E3622D88E1F9000063E9 /* swiftSnakeTests.xctest */ = {isa = PBXFileReference; explicitFileType = wrapper.cfbundle; includeInIndex = 0; path = swiftSnakeTests.xctest; sourceTree = BUILT_PRODUCTS_DIR; };
		9143E36C2D88E1F9000063E9 /* swiftSnakeUITests.xctest */ = {isa = PBXFileReference; explicitFileType = wrapper.cfbundle; includeInIndex = 0; path = swiftSnakeUITests.xctest; sourceTree = BUILT_PRODUCTS_DIR; };
/* End PBXFileReference section */

/* Begin PBXFileSystemSynchronizedRootGroup section */
		9143E3522D88E1F7000063E9 /* swiftSnake */ = {
			isa = PBXFileSystemSynchronizedRootGroup;
			path = swiftSnake;
			sourceTree = "<group>";
		};
		9143E3652D88E1F9000063E9 /* swiftSnakeTests */ = {
			isa = PBXFileSystemSynchronizedRootGroup;
			path = swiftSnakeTests;
			sourceTree = "<group>";
		};
		9143E36F2D88E1F9000063E9 /* swiftSnakeUITests */ = {
			isa = PBXFileSystemSynchronizedRootGroup;
			path = swiftSnakeUITests;
			sourceTree = "<group>";
		};
/* End PBXFileSystemSynchronizedRootGroup section */

/* Begin PBXFrameworksBuildPhase section */
		9143E34D2D88E1F7000063E9 /* Frameworks */ = {
			isa = PBXFrameworksBuildPhase;
			buildActionMask = 2147483647;
			files = (
			);
			runOnlyForDeploymentPostprocessing = 0;
		};
		9143E35F2D88E1F9000063E9 /* Frameworks */ = {
			isa = PBXFrameworksBuildPhase;
			buildActionMask = 2147483647;
			files = (
			);
			runOnlyForDeploymentPostprocessing = 0;
		};
		9143E3692D88E1F9000063E9 /* Frameworks */ = {
			isa = PBXFrameworksBuildPhase;
			buildActionMask = 2147483647;
			files = (
			);
			runOnlyForDeploymentPostprocessing = 0;
		};
/* End PBXFrameworksBuildPhase section */

/* Begin PBXGroup section */
		9143E3472D88E1F7000063E9 = {
			isa = PBXGroup;
			children = (
				9143E3522D88E1F7000063E9 /* swiftSnake */,
				9143E3652D88E1F9000063E9 /* swiftSnakeTests */,
				9143E36F2D88E1F9000063E9 /* swiftSnakeUITests */,
				9143E3512D88E1F7000063E9 /* Products */,
			);
			sourceTree = "<group>";
		};
		9143E3512D88E1F7000063E9 /* Products */ = {
			isa = PBXGroup;
			children = (
				9143E3502D88E1F7000063E9 /* swiftSnake.app */,
				9143E3622D88E1F9000063E9 /* swiftSnakeTests.xctest */,
				9143E36C2D88E1F9000063E9 /* swiftSnakeUITests.xctest */,
			);
			name = Products;
			sourceTree = "<group>";
		};
/* End PBXGroup section */

/* Begin PBXNativeTarget section */
		9143E34F2D88E1F7000063E9 /* swiftSnake */ = {
			isa = PBXNativeTarget;
			buildConfigurationList = 9143E3762D88E1F9000063E9 /* Build configuration list for PBXNativeTarget "swiftSnake" */;
			buildPhases = (
				9143E34C2D88E1F7000063E9 /* Sources */,
				9143E34D2D88E1F7000063E9 /* Frameworks */,
				9143E34E2D88E1F7000063E9 /* Resources */,
			);
			buildRules = (
			);
			dependencies = (
			);
			fileSystemSynchronizedGroups = (
				9143E3522D88E1F7000063E9 /* swiftSnake */,
			);
			name = swiftSnake;
			packageProductDependencies = (
			);
			productName = swiftSnake;
			productReference = 9143E3502D88E1F7000063E9 /* swiftSnake.app */;
			productType = "com.apple.product-type.application";
		};
		9143E3612D88E1F9000063E9 /* swiftSnakeTests */ = {
			isa = PBXNativeTarget;
			buildConfigurationList = 9143E3792D88E1F9000063E9 /* Build configuration list for PBXNativeTarget "swiftSnakeTests" */;
			buildPhases = (
				9143E35E2D88E1F9000063E9 /* Sources */,
				9143E35F2D88E1F9000063E9 /* Frameworks */,
				9143E3602D88E1F9000063E9 /* Resources */,
			);
			buildRules = (
			);
			dependencies = (
				9143E3642D88E1F9000063E9 /* PBXTargetDependency */,
			);
			fileSystemSynchronizedGroups = (
				9143E3652D88E1F9000063E9 /* swiftSnakeTests */,
			);
			name = swiftSnakeTests;
			packageProductDependencies = (
			);
			productName = swiftSnakeTests;
			productReference = 9143E3622D88E1F9000063E9 /* swiftSnakeTests.xctest */;
			productType = "com.apple.product-type.bundle.unit-test";
		};
		9143E36B2D88E1F9000063E9 /* swiftSnakeUITests */ = {
			isa = PBXNativeTarget;
			buildConfigurationList = 9143E37C2D88E1F9000063E9 /* Build configuration list for PBXNativeTarget "swiftSnakeUITests" */;
			buildPhases = (
				9143E3682D88E1F9000063E9 /* Sources */,
				9143E3692D88E1F9000063E9 /* Frameworks */,
				9143E36A2D88E1F9000063E9 /* Resources */,
			);
			buildRules = (
			);
			dependencies = (
				9143E36E2D88E1F9000063E9 /* PBXTargetDependency */,
			);
			fileSystemSynchronizedGroups = (
				9143E36F2D88E1F9000063E9 /* swiftSnakeUITests */,
			);
			name = swiftSnakeUITests;
			packageProductDependencies = (
			);
			productName = swiftSnakeUITests;
			productReference = 9143E36C2D88E1F9000063E9 /* swiftSnakeUITests.xctest */;
			productType = "com.apple.product-type.bundle.ui-testing";
		};
/* End PBXNativeTarget section */

/* Begin PBXProject section */
		9143E3482D88E1F7000063E9 /* Project object */ = {
			isa = PBXProject;
			attributes = {
				BuildIndependentTargetsInParallel = 1;
				LastSwiftUpdateCheck = 1620;
				LastUpgradeCheck = 1630;
				TargetAttributes = {
					9143E34F2D88E1F7000063E9 = {
						CreatedOnToolsVersion = 16.2;
					};
					9143E3612D88E1F9000063E9 = {
						CreatedOnToolsVersion = 16.2;
						TestTargetID = 9143E34F2D88E1F7000063E9;
					};
					9143E36B2D88E1F9000063E9 = {
						CreatedOnToolsVersion = 16.2;
						TestTargetID = 9143E34F2D88E1F7000063E9;
					};
				};
			};
			buildConfigurationList = 9143E34B2D88E1F7000063E9 /* Build configuration list for PBXProject "swiftSnake" */;
			developmentRegion = en;
			hasScannedForEncodings = 0;
			knownRegions = (
				en,
				Base,
			);
			mainGroup = 9143E3472D88E1F7000063E9;
			minimizedProjectReferenceProxies = 1;
			preferredProjectObjectVersion = 77;
			productRefGroup = 9143E3512D88E1F7000063E9 /* Products */;
			projectDirPath = "";
			projectRoot = "";
			targets = (
				9143E34F2D88E1F7000063E9 /* swiftSnake */,
				9143E3612D88E1F9000063E9 /* swiftSnakeTests */,
				9143E36B2D88E1F9000063E9 /* swiftSnakeUITests */,
			);
		};
/* End PBXProject section */

/* Begin PBXResourcesBuildPhase section */
		9143E34E2D88E1F7000063E9 /* Resources */ = {
			isa = PBXResourcesBuildPhase;
			buildActionMask = 2147483647;
			files = (
			);
			runOnlyForDeploymentPostprocessing = 0;
		};
		9143E3602D88E1F9000063E9 /* Resources */ = {
			isa = PBXResourcesBuildPhase;
			buildActionMask = 2147483647;
			files = (
			);
			runOnlyForDeploymentPostprocessing = 0;
		};
		9143E36A2D88E1F9000063E9 /* Resources */ = {
			isa = PBXResourcesBuildPhase;
			buildActionMask = 2147483647;
			files = (
			);
			runOnlyForDeploymentPostprocessing = 0;
		};
/* End PBXResourcesBuildPhase section */

/* Begin PBXSourcesBuildPhase section */
		9143E34C2D88E1F7000063E9 /* Sources */ = {
			isa = PBXSourcesBuildPhase;
			buildActionMask = 2147483647;
			files = (
			);
			runOnlyForDeploymentPostprocessing = 0;
		};
		9143E35E2D88E1F9000063E9 /* Sources */ = {
			isa = PBXSourcesBuildPhase;
			buildActionMask = 2147483647;
			files = (
			);
			runOnlyForDeploymentPostprocessing = 0;
		};
		9143E3682D88E1F9000063E9 /* Sources */ = {
			isa = PBXSourcesBuildPhase;
			buildActionMask = 2147483647;
			files = (
			);
			runOnlyForDeploymentPostprocessing = 0;
		};
/* End PBXSourcesBuildPhase section */

/* Begin PBXTargetDependency section */
		9143E3642D88E1F9000063E9 /* PBXTargetDependency */ = {
			isa = PBXTargetDependency;
			target = 9143E34F2D88E1F7000063E9 /* swiftSnake */;
			targetProxy = 9143E3632D88E1F9000063E9 /* PBXContainerItemProxy */;
		};
		9143E36E2D88E1F9000063E9 /* PBXTargetDependency */ = {
			isa = PBXTargetDependency;
			target = 9143E34F2D88E1F7000063E9 /* swiftSnake */;
			targetProxy = 9143E36D2D88E1F9000063E9 /* PBXContainerItemProxy */;
		};
/* End PBXTargetDependency section */

/* Begin XCBuildConfiguration section */
		9143E3742D88E1F9000063E9 /* Debug */ = {
			isa = XCBuildConfiguration;
			buildSettings = {
				ALWAYS_SEARCH_USER_PATHS = NO;
				ASSETCATALOG_COMPILER_GENERATE_SWIFT_ASSET_SYMBOL_EXTENSIONS = YES;
				CLANG_ANALYZER_NONNULL = YES;
				CLANG_ANALYZER_NUMBER_OBJECT_CONVERSION = YES_AGGRESSIVE;
				CLANG_CXX_LANGUAGE_STANDARD = "gnu++20";
				CLANG_ENABLE_MODULES = YES;
				CLANG_ENABLE_OBJC_ARC = YES;
				CLANG_ENABLE_OBJC_WEAK = YES;
				CLANG_WARN_BLOCK_CAPTURE_AUTORELEASING = YES;
				CLANG_WARN_BOOL_CONVERSION = YES;
				CLANG_WARN_COMMA = YES;
				CLANG_WARN_CONSTANT_CONVERSION = YES;
				CLANG_WARN_DEPRECATED_OBJC_IMPLEMENTATIONS = YES;
				CLANG_WARN_DIRECT_OBJC_ISA_USAGE = YES_ERROR;
				CLANG_WARN_DOCUMENTATION_COMMENTS = YES;
				CLANG_WARN_EMPTY_BODY = YES;
				CLANG_WARN_ENUM_CONVERSION = YES;
				CLANG_WARN_INFINITE_RECURSION = YES;
				CLANG_WARN_INT_CONVERSION = YES;
				CLANG_WARN_NON_LITERAL_NULL_CONVERSION = YES;
				CLANG_WARN_OBJC_IMPLICIT_RETAIN_SELF = YES;
				CLANG_WARN_OBJC_LITERAL_CONVERSION = YES;
				CLANG_WARN_OBJC_ROOT_CLASS = YES_ERROR;
				CLANG_WARN_QUOTED_INCLUDE_IN_FRAMEWORK_HEADER = YES;
				CLANG_WARN_RANGE_LOOP_ANALYSIS = YES;
				CLANG_WARN_STRICT_PROTOTYPES = YES;
				CLANG_WARN_SUSPICIOUS_MOVE = YES;
				CLANG_WARN_UNGUARDED_AVAILABILITY = YES_AGGRESSIVE;
				CLANG_WARN_UNREACHABLE_CODE = YES;
				CLANG_WARN__DUPLICATE_METHOD_MATCH = YES;
				COPY_PHASE_STRIP = NO;
				DEBUG_INFORMATION_FORMAT = dwarf;
				DEVELOPMENT_TEAM = M968R2AMGD;
				ENABLE_STRICT_OBJC_MSGSEND = YES;
				ENABLE_TESTABILITY = YES;
				ENABLE_USER_SCRIPT_SANDBOXING = YES;
				GCC_C_LANGUAGE_STANDARD = gnu17;
				GCC_DYNAMIC_NO_PIC = NO;
				GCC_NO_COMMON_BLOCKS = YES;
				GCC_OPTIMIZATION_LEVEL = 0;
				GCC_PREPROCESSOR_DEFINITIONS = (
					"DEBUG=1",
					"$(inherited)",
				);
				GCC_WARN_64_TO_32_BIT_CONVERSION = YES;
				GCC_WARN_ABOUT_RETURN_TYPE = YES_ERROR;
				GCC_WARN_UNDECLARED_SELECTOR = YES;
				GCC_WARN_UNINITIALIZED_AUTOS = YES_AGGRESSIVE;
				GCC_WARN_UNUSED_FUNCTION = YES;
				GCC_WARN_UNUSED_VARIABLE = YES;
				IPHONEOS_DEPLOYMENT_TARGET = 18.2;
				LOCALIZATION_PREFERS_STRING_CATALOGS = YES;
				MTL_ENABLE_DEBUG_INFO = INCLUDE_SOURCE;
				MTL_FAST_MATH = YES;
				ONLY_ACTIVE_ARCH = YES;
				SDKROOT = iphoneos;
				SWIFT_ACTIVE_COMPILATION_CONDITIONS = "DEBUG $(inherited)";
				SWIFT_OPTIMIZATION_LEVEL = "-Onone";
			};
			name = Debug;
		};
		9143E3752D88E1F9000063E9 /* Release */ = {
			isa = XCBuildConfiguration;
			buildSettings = {
				ALWAYS_SEARCH_USER_PATHS = NO;
				ASSETCATALOG_COMPILER_GENERATE_SWIFT_ASSET_SYMBOL_EXTENSIONS = YES;
				CLANG_ANALYZER_NONNULL = YES;
				CLANG_ANALYZER_NUMBER_OBJECT_CONVERSION = YES_AGGRESSIVE;
				CLANG_CXX_LANGUAGE_STANDARD = "gnu++20";
				CLANG_ENABLE_MODULES = YES;
				CLANG_ENABLE_OBJC_ARC = YES;
				CLANG_ENABLE_OBJC_WEAK = YES;
				CLANG_WARN_BLOCK_CAPTURE_AUTORELEASING = YES;
				CLANG_WARN_BOOL_CONVERSION = YES;
				CLANG_WARN_COMMA = YES;
				CLANG_WARN_CONSTANT_CONVERSION = YES;
				CLANG_WARN_DEPRECATED_OBJC_IMPLEMENTATIONS = YES;
				CLANG_WARN_DIRECT_OBJC_ISA_USAGE = YES_ERROR;
				CLANG_WARN_DOCUMENTATION_COMMENTS = YES;
				CLANG_WARN_EMPTY_BODY = YES;
				CLANG_WARN_ENUM_CONVERSION = YES;
				CLANG_WARN_INFINITE_RECURSION = YES;
				CLANG_WARN_INT_CONVERSION = YES;
				CLANG_WARN_NON_LITERAL_NULL_CONVERSION = YES;
				CLANG_WARN_OBJC_IMPLICIT_RETAIN_SELF = YES;
				CLANG_WARN_OBJC_LITERAL_CONVERSION = YES;
				CLANG_WARN_OBJC_ROOT_CLASS = YES_ERROR;
				CLANG_WARN_QUOTED_INCLUDE_IN_FRAMEWORK_HEADER = YES;
				CLANG_WARN_RANGE_LOOP_ANALYSIS = YES;
				CLANG_WARN_STRICT_PROTOTYPES = YES;
				CLANG_WARN_SUSPICIOUS_MOVE = YES;
				CLANG_WARN_UNGUARDED_AVAILABILITY = YES_AGGRESSIVE;
				CLANG_WARN_UNREACHABLE_CODE = YES;
				CLANG_WARN__DUPLICATE_METHOD_MATCH = YES;
				COPY_PHASE_STRIP = NO;
				DEBUG_INFORMATION_FORMAT = "dwarf-with-dsym";
				DEVELOPMENT_TEAM = M968R2AMGD;
				ENABLE_NS_ASSERTIONS = NO;
				ENABLE_STRICT_OBJC_MSGSEND = YES;
				ENABLE_USER_SCRIPT_SANDBOXING = YES;
				GCC_C_LANGUAGE_STANDARD = gnu17;
				GCC_NO_COMMON_BLOCKS = YES;
				GCC_WARN_64_TO_32_BIT_CONVERSION = YES;
				GCC_WARN_ABOUT_RETURN_TYPE = YES_ERROR;
				GCC_WARN_UNDECLARED_SELECTOR = YES;
				GCC_WARN_UNINITIALIZED_AUTOS = YES_AGGRESSIVE;
				GCC_WARN_UNUSED_FUNCTION = YES;
				GCC_WARN_UNUSED_VARIABLE = YES;
				IPHONEOS_DEPLOYMENT_TARGET = 18.2;
				LOCALIZATION_PREFERS_STRING_CATALOGS = YES;
				MTL_ENABLE_DEBUG_INFO = NO;
				MTL_FAST_MATH = YES;
				SDKROOT = iphoneos;
				SWIFT_COMPILATION_MODE = wholemodule;
				VALIDATE_PRODUCT = YES;
			};
			name = Release;
		};
		9143E3772D88E1F9000063E9 /* Debug */ = {
			isa = XCBuildConfiguration;
			buildSettings = {
				ASSETCATALOG_COMPILER_APPICON_NAME = AppIcon;
				ASSETCATALOG_COMPILER_GLOBAL_ACCENT_COLOR_NAME = AccentColor;
				CODE_SIGN_STYLE = Automatic;
				CURRENT_PROJECT_VERSION = 1;
				DEVELOPMENT_ASSET_PATHS = "\"swiftSnake/Preview Content\"";
				ENABLE_PREVIEWS = YES;
				GENERATE_INFOPLIST_FILE = YES;
				INFOPLIST_KEY_UIApplicationSceneManifest_Generation = YES;
				INFOPLIST_KEY_UIApplicationSupportsIndirectInputEvents = YES;
				INFOPLIST_KEY_UILaunchScreen_Generation = YES;
				INFOPLIST_KEY_UISupportedInterfaceOrientations_iPad = "UIInterfaceOrientationPortrait UIInterfaceOrientationPortraitUpsideDown UIInterfaceOrientationLandscapeLeft UIInterfaceOrientationLandscapeRight";
				INFOPLIST_KEY_UISupportedInterfaceOrientations_iPhone = "UIInterfaceOrientationPortrait UIInterfaceOrientationLandscapeLeft UIInterfaceOrientationLandscapeRight";
				LD_RUNPATH_SEARCH_PATHS = (
					"$(inherited)",
					"@executable_path/Frameworks",
				);
				MARKETING_VERSION = 1.0;
				PRODUCT_BUNDLE_IDENTIFIER = gliadev.swiftSnake;
				PRODUCT_NAME = "$(TARGET_NAME)";
				SWIFT_EMIT_LOC_STRINGS = YES;
				SWIFT_VERSION = 5.0;
				TARGETED_DEVICE_FAMILY = "1,2";
			};
			name = Debug;
		};
		9143E3782D88E1F9000063E9 /* Release */ = {
			isa = XCBuildConfiguration;
			buildSettings = {
				ASSETCATALOG_COMPILER_APPICON_NAME = AppIcon;
				ASSETCATALOG_COMPILER_GLOBAL_ACCENT_COLOR_NAME = AccentColor;
				CODE_SIGN_STYLE = Automatic;
				CURRENT_PROJECT_VERSION = 1;
				DEVELOPMENT_ASSET_PATHS = "\"swiftSnake/Preview Content\"";
				ENABLE_PREVIEWS = YES;
				GENERATE_INFOPLIST_FILE = YES;
				INFOPLIST_KEY_UIApplicationSceneManifest_Generation = YES;
				INFOPLIST_KEY_UIApplicationSupportsIndirectInputEvents = YES;
				INFOPLIST_KEY_UILaunchScreen_Generation = YES;
				INFOPLIST_KEY_UISupportedInterfaceOrientations_iPad = "UIInterfaceOrientationPortrait UIInterfaceOrientationPortraitUpsideDown UIInterfaceOrientationLandscapeLeft UIInterfaceOrientationLandscapeRight";
				INFOPLIST_KEY_UISupportedInterfaceOrientations_iPhone = "UIInterfaceOrientationPortrait UIInterfaceOrientationLandscapeLeft UIInterfaceOrientationLandscapeRight";
				LD_RUNPATH_SEARCH_PATHS = (
					"$(inherited)",
					"@executable_path/Frameworks",
				);
				MARKETING_VERSION = 1.0;
				PRODUCT_BUNDLE_IDENTIFIER = gliadev.swiftSnake;
				PRODUCT_NAME = "$(TARGET_NAME)";
				SWIFT_EMIT_LOC_STRINGS = YES;
				SWIFT_VERSION = 5.0;
				TARGETED_DEVICE_FAMILY = "1,2";
			};
			name = Release;
		};
		9143E37A2D88E1F9000063E9 /* Debug */ = {
			isa = XCBuildConfiguration;
			buildSettings = {
				BUNDLE_LOADER = "$(TEST_HOST)";
				CODE_SIGN_STYLE = Automatic;
				CURRENT_PROJECT_VERSION = 1;
				GENERATE_INFOPLIST_FILE = YES;
				IPHONEOS_DEPLOYMENT_TARGET = 18.2;
				MARKETING_VERSION = 1.0;
				PRODUCT_BUNDLE_IDENTIFIER = gliadev.swiftSnakeTests;
				PRODUCT_NAME = "$(TARGET_NAME)";
				SWIFT_EMIT_LOC_STRINGS = NO;
				SWIFT_VERSION = 5.0;
				TARGETED_DEVICE_FAMILY = "1,2";
				TEST_HOST = "$(BUILT_PRODUCTS_DIR)/swiftSnake.app/$(BUNDLE_EXECUTABLE_FOLDER_PATH)/swiftSnake";
			};
			name = Debug;
		};
		9143E37B2D88E1F9000063E9 /* Release */ = {
			isa = XCBuildConfiguration;
			buildSettings = {
				BUNDLE_LOADER = "$(TEST_HOST)";
				CODE_SIGN_STYLE = Automatic;
				CURRENT_PROJECT_VERSION = 1;
				GENERATE_INFOPLIST_FILE = YES;
				IPHONEOS_DEPLOYMENT_TARGET = 18.2;
				MARKETING_VERSION = 1.0;
				PRODUCT_BUNDLE_IDENTIFIER = gliadev.swiftSnakeTests;
				PRODUCT_NAME = "$(TARGET_NAME)";
				SWIFT_EMIT_LOC_STRINGS = NO;
				SWIFT_VERSION = 5.0;
				TARGETED_DEVICE_FAMILY = "1,2";
				TEST_HOST = "$(BUILT_PRODUCTS_DIR)/swiftSnake.app/$(BUNDLE_EXECUTABLE_FOLDER_PATH)/swiftSnake";
			};
			name = Release;
		};
		9143E37D2D88E1F9000063E9 /* Debug */ = {
			isa = XCBuildConfiguration;
			buildSettings = {
				CODE_SIGN_STYLE = Automatic;
				CURRENT_PROJECT_VERSION = 1;
				GENERATE_INFOPLIST_FILE = YES;
				MARKETING_VERSION = 1.0;
				PRODUCT_BUNDLE_IDENTIFIER = gliadev.swiftSnakeUITests;
				PRODUCT_NAME = "$(TARGET_NAME)";
				SWIFT_EMIT_LOC_STRINGS = NO;
				SWIFT_VERSION = 5.0;
				TARGETED_DEVICE_FAMILY = "1,2";
				TEST_TARGET_NAME = swiftSnake;
			};
			name = Debug;
		};
		9143E37E2D88E1F9000063E9 /* Release */ = {
			isa = XCBuildConfiguration;
			buildSettings = {
				CODE_SIGN_STYLE = Automatic;
				CURRENT_PROJECT_VERSION = 1;
				GENERATE_INFOPLIST_FILE = YES;
				MARKETING_VERSION = 1.0;
				PRODUCT_BUNDLE_IDENTIFIER = gliadev.swiftSnakeUITests;
				PRODUCT_NAME = "$(TARGET_NAME)";
				SWIFT_EMIT_LOC_STRINGS = NO;
				SWIFT_VERSION = 5.0;
				TARGETED_DEVICE_FAMILY = "1,2";
				TEST_TARGET_NAME = swiftSnake;
			};
			name = Release;
		};
/* End XCBuildConfiguration section */

/* Begin XCConfigurationList section */
		9143E34B2D88E1F7000063E9 /* Build configuration list for PBXProject "swiftSnake" */ = {
			isa = XCConfigurationList;
			buildConfigurations = (
				9143E3742D88E1F9000063E9 /* Debug */,
				9143E3752D88E1F9000063E9 /* Release */,
			);
			defaultConfigurationIsVisible = 0;
			defaultConfigurationName = Release;
		};
		9143E3762D88E1F9000063E9 /* Build configuration list for PBXNativeTarget "swiftSnake" */ = {
			isa = XCConfigurationList;
			buildConfigurations = (
				9143E3772D88E1F9000063E9 /* Debug */,
				9143E3782D88E1F9000063E9 /* Release */,
			);
			defaultConfigurationIsVisible = 0;
			defaultConfigurationName = Release;
		};
		9143E3792D88E1F9000063E9 /* Build configuration list for PBXNativeTarget "swiftSnakeTests" */ = {
			isa = XCConfigurationList;
			buildConfigurations = (
				9143E37A2D88E1F9000063E9 /* Debug */,
				9143E37B2D88E1F9000063E9 /* Release */,
			);
			defaultConfigurationIsVisible = 0;
			defaultConfigurationName = Release;
		};
		9143E37C2D88E1F9000063E9 /* Build configuration list for PBXNativeTarget "swiftSnakeUITests" */ = {
			isa = XCConfigurationList;
			buildConfigurations = (
				9143E37D2D88E1F9000063E9 /* Debug */,
				9143E37E2D88E1F9000063E9 /* Release */,
			);
			defaultConfigurationIsVisible = 0;
			defaultConfigurationName = Release;
		};
/* End XCConfigurationList section */
	};
	rootObject = 9143E3482D88E1F7000063E9 /* Project object */;
}
